// !$*UTF8*$!
{
	archiveVersion = 1;
	classes = {
	};
	objectVersion = 50;
	objects = {

/* Begin PBXBuildFile section */
		967FB5C625E2D39400AFC761 /* AppDelegate.swift in Sources */ = {isa = PBXBuildFile; fileRef = 967FB5C525E2D39400AFC761 /* AppDelegate.swift */; };
		967FB5C825E2D39400AFC761 /* SceneDelegate.swift in Sources */ = {isa = PBXBuildFile; fileRef = 967FB5C725E2D39400AFC761 /* SceneDelegate.swift */; };
		967FB5CA25E2D39400AFC761 /* ViewController.swift in Sources */ = {isa = PBXBuildFile; fileRef = 967FB5C925E2D39400AFC761 /* ViewController.swift */; };
		967FB5CD25E2D39400AFC761 /* Main.storyboard in Resources */ = {isa = PBXBuildFile; fileRef = 967FB5CB25E2D39400AFC761 /* Main.storyboard */; };
		967FB5CF25E2D39800AFC761 /* Assets.xcassets in Resources */ = {isa = PBXBuildFile; fileRef = 967FB5CE25E2D39800AFC761 /* Assets.xcassets */; };
		967FB5D225E2D39800AFC761 /* LaunchScreen.storyboard in Resources */ = {isa = PBXBuildFile; fileRef = 967FB5D025E2D39800AFC761 /* LaunchScreen.storyboard */; };
		967FB5DD25E2D39800AFC761 /* AppCalculadoraTests.swift in Sources */ = {isa = PBXBuildFile; fileRef = 967FB5DC25E2D39800AFC761 /* AppCalculadoraTests.swift */; };
		967FB5E825E2D39800AFC761 /* AppCalculadoraUITests.swift in Sources */ = {isa = PBXBuildFile; fileRef = 967FB5E725E2D39800AFC761 /* AppCalculadoraUITests.swift */; };
/* End PBXBuildFile section */

/* Begin PBXContainerItemProxy section */
		967FB5D925E2D39800AFC761 /* PBXContainerItemProxy */ = {
			isa = PBXContainerItemProxy;
			containerPortal = 967FB5BA25E2D39400AFC761 /* Project object */;
			proxyType = 1;
			remoteGlobalIDString = 967FB5C125E2D39400AFC761;
			remoteInfo = AppCalculadora;
		};
		967FB5E425E2D39800AFC761 /* PBXContainerItemProxy */ = {
			isa = PBXContainerItemProxy;
			containerPortal = 967FB5BA25E2D39400AFC761 /* Project object */;
			proxyType = 1;
			remoteGlobalIDString = 967FB5C125E2D39400AFC761;
			remoteInfo = AppCalculadora;
		};
/* End PBXContainerItemProxy section */

/* Begin PBXFileReference section */
		967FB5C225E2D39400AFC761 /* AppCalculadora.app */ = {isa = PBXFileReference; explicitFileType = wrapper.application; includeInIndex = 0; path = AppCalculadora.app; sourceTree = BUILT_PRODUCTS_DIR; };
		967FB5C525E2D39400AFC761 /* AppDelegate.swift */ = {isa = PBXFileReference; lastKnownFileType = sourcecode.swift; path = AppDelegate.swift; sourceTree = "<group>"; };
		967FB5C725E2D39400AFC761 /* SceneDelegate.swift */ = {isa = PBXFileReference; lastKnownFileType = sourcecode.swift; path = SceneDelegate.swift; sourceTree = "<group>"; };
		967FB5C925E2D39400AFC761 /* ViewController.swift */ = {isa = PBXFileReference; lastKnownFileType = sourcecode.swift; path = ViewController.swift; sourceTree = "<group>"; };
		967FB5CC25E2D39400AFC761 /* Base */ = {isa = PBXFileReference; lastKnownFileType = file.storyboard; name = Base; path = Base.lproj/Main.storyboard; sourceTree = "<group>"; };
		967FB5CE25E2D39800AFC761 /* Assets.xcassets */ = {isa = PBXFileReference; lastKnownFileType = folder.assetcatalog; path = Assets.xcassets; sourceTree = "<group>"; };
		967FB5D125E2D39800AFC761 /* Base */ = {isa = PBXFileReference; lastKnownFileType = file.storyboard; name = Base; path = Base.lproj/LaunchScreen.storyboard; sourceTree = "<group>"; };
		967FB5D325E2D39800AFC761 /* Info.plist */ = {isa = PBXFileReference; lastKnownFileType = text.plist.xml; path = Info.plist; sourceTree = "<group>"; };
		967FB5D825E2D39800AFC761 /* AppCalculadoraTests.xctest */ = {isa = PBXFileReference; explicitFileType = wrapper.cfbundle; includeInIndex = 0; path = AppCalculadoraTests.xctest; sourceTree = BUILT_PRODUCTS_DIR; };
		967FB5DC25E2D39800AFC761 /* AppCalculadoraTests.swift */ = {isa = PBXFileReference; lastKnownFileType = sourcecode.swift; path = AppCalculadoraTests.swift; sourceTree = "<group>"; };
		967FB5DE25E2D39800AFC761 /* Info.plist */ = {isa = PBXFileReference; lastKnownFileType = text.plist.xml; path = Info.plist; sourceTree = "<group>"; };
		967FB5E325E2D39800AFC761 /* AppCalculadoraUITests.xctest */ = {isa = PBXFileReference; explicitFileType = wrapper.cfbundle; includeInIndex = 0; path = AppCalculadoraUITests.xctest; sourceTree = BUILT_PRODUCTS_DIR; };
		967FB5E725E2D39800AFC761 /* AppCalculadoraUITests.swift */ = {isa = PBXFileReference; lastKnownFileType = sourcecode.swift; path = AppCalculadoraUITests.swift; sourceTree = "<group>"; };
		967FB5E925E2D39800AFC761 /* Info.plist */ = {isa = PBXFileReference; lastKnownFileType = text.plist.xml; path = Info.plist; sourceTree = "<group>"; };
/* End PBXFileReference section */

/* Begin PBXFrameworksBuildPhase section */
		967FB5BF25E2D39400AFC761 /* Frameworks */ = {
			isa = PBXFrameworksBuildPhase;
			buildActionMask = 2147483647;
			files = (
			);
			runOnlyForDeploymentPostprocessing = 0;
		};
		967FB5D525E2D39800AFC761 /* Frameworks */ = {
			isa = PBXFrameworksBuildPhase;
			buildActionMask = 2147483647;
			files = (
			);
			runOnlyForDeploymentPostprocessing = 0;
		};
		967FB5E025E2D39800AFC761 /* Frameworks */ = {
			isa = PBXFrameworksBuildPhase;
			buildActionMask = 2147483647;
			files = (
			);
			runOnlyForDeploymentPostprocessing = 0;
		};
/* End PBXFrameworksBuildPhase section */

/* Begin PBXGroup section */
		967FB5B925E2D39400AFC761 = {
			isa = PBXGroup;
			children = (
				967FB5C425E2D39400AFC761 /* AppCalculadora */,
				967FB5DB25E2D39800AFC761 /* AppCalculadoraTests */,
				967FB5E625E2D39800AFC761 /* AppCalculadoraUITests */,
				967FB5C325E2D39400AFC761 /* Products */,
			);
			sourceTree = "<group>";
		};
		967FB5C325E2D39400AFC761 /* Products */ = {
			isa = PBXGroup;
			children = (
				967FB5C225E2D39400AFC761 /* AppCalculadora.app */,
				967FB5D825E2D39800AFC761 /* AppCalculadoraTests.xctest */,
				967FB5E325E2D39800AFC761 /* AppCalculadoraUITests.xctest */,
			);
			name = Products;
			sourceTree = "<group>";
		};
		967FB5C425E2D39400AFC761 /* AppCalculadora */ = {
			isa = PBXGroup;
			children = (
				967FB5C525E2D39400AFC761 /* AppDelegate.swift */,
				967FB5C725E2D39400AFC761 /* SceneDelegate.swift */,
				967FB5C925E2D39400AFC761 /* ViewController.swift */,
				967FB5CB25E2D39400AFC761 /* Main.storyboard */,
				967FB5CE25E2D39800AFC761 /* Assets.xcassets */,
				967FB5D025E2D39800AFC761 /* LaunchScreen.storyboard */,
				967FB5D325E2D39800AFC761 /* Info.plist */,
			);
			path = AppCalculadora;
			sourceTree = "<group>";
		};
		967FB5DB25E2D39800AFC761 /* AppCalculadoraTests */ = {
			isa = PBXGroup;
			children = (
				967FB5DC25E2D39800AFC761 /* AppCalculadoraTests.swift */,
				967FB5DE25E2D39800AFC761 /* Info.plist */,
			);
			path = AppCalculadoraTests;
			sourceTree = "<group>";
		};
		967FB5E625E2D39800AFC761 /* AppCalculadoraUITests */ = {
			isa = PBXGroup;
			children = (
				967FB5E725E2D39800AFC761 /* AppCalculadoraUITests.swift */,
				967FB5E925E2D39800AFC761 /* Info.plist */,
			);
			path = AppCalculadoraUITests;
			sourceTree = "<group>";
		};
/* End PBXGroup section */

/* Begin PBXNativeTarget section */
		967FB5C125E2D39400AFC761 /* AppCalculadora */ = {
			isa = PBXNativeTarget;
			buildConfigurationList = 967FB5EC25E2D39800AFC761 /* Build configuration list for PBXNativeTarget "AppCalculadora" */;
			buildPhases = (
				967FB5BE25E2D39400AFC761 /* Sources */,
				967FB5BF25E2D39400AFC761 /* Frameworks */,
				967FB5C025E2D39400AFC761 /* Resources */,
			);
			buildRules = (
			);
			dependencies = (
			);
			name = AppCalculadora;
			productName = AppCalculadora;
			productReference = 967FB5C225E2D39400AFC761 /* AppCalculadora.app */;
			productType = "com.apple.product-type.application";
		};
		967FB5D725E2D39800AFC761 /* AppCalculadoraTests */ = {
			isa = PBXNativeTarget;
			buildConfigurationList = 967FB5EF25E2D39800AFC761 /* Build configuration list for PBXNativeTarget "AppCalculadoraTests" */;
			buildPhases = (
				967FB5D425E2D39800AFC761 /* Sources */,
				967FB5D525E2D39800AFC761 /* Frameworks */,
				967FB5D625E2D39800AFC761 /* Resources */,
			);
			buildRules = (
			);
			dependencies = (
				967FB5DA25E2D39800AFC761 /* PBXTargetDependency */,
			);
			name = AppCalculadoraTests;
			productName = AppCalculadoraTests;
			productReference = 967FB5D825E2D39800AFC761 /* AppCalculadoraTests.xctest */;
			productType = "com.apple.product-type.bundle.unit-test";
		};
		967FB5E225E2D39800AFC761 /* AppCalculadoraUITests */ = {
			isa = PBXNativeTarget;
			buildConfigurationList = 967FB5F225E2D39800AFC761 /* Build configuration list for PBXNativeTarget "AppCalculadoraUITests" */;
			buildPhases = (
				967FB5DF25E2D39800AFC761 /* Sources */,
				967FB5E025E2D39800AFC761 /* Frameworks */,
				967FB5E125E2D39800AFC761 /* Resources */,
			);
			buildRules = (
			);
			dependencies = (
				967FB5E525E2D39800AFC761 /* PBXTargetDependency */,
			);
			name = AppCalculadoraUITests;
			productName = AppCalculadoraUITests;
			productReference = 967FB5E325E2D39800AFC761 /* AppCalculadoraUITests.xctest */;
			productType = "com.apple.product-type.bundle.ui-testing";
		};
/* End PBXNativeTarget section */

/* Begin PBXProject section */
		967FB5BA25E2D39400AFC761 /* Project object */ = {
			isa = PBXProject;
			attributes = {
				LastSwiftUpdateCheck = 1200;
				LastUpgradeCheck = 1200;
				TargetAttributes = {
					967FB5C125E2D39400AFC761 = {
						CreatedOnToolsVersion = 12.0.1;
					};
					967FB5D725E2D39800AFC761 = {
						CreatedOnToolsVersion = 12.0.1;
						TestTargetID = 967FB5C125E2D39400AFC761;
					};
					967FB5E225E2D39800AFC761 = {
						CreatedOnToolsVersion = 12.0.1;
						TestTargetID = 967FB5C125E2D39400AFC761;
					};
				};
			};
			buildConfigurationList = 967FB5BD25E2D39400AFC761 /* Build configuration list for PBXProject "AppCalculadora" */;
			compatibilityVersion = "Xcode 9.3";
			developmentRegion = en;
			hasScannedForEncodings = 0;
			knownRegions = (
				en,
				Base,
			);
			mainGroup = 967FB5B925E2D39400AFC761;
			productRefGroup = 967FB5C325E2D39400AFC761 /* Products */;
			projectDirPath = "";
			projectRoot = "";
			targets = (
				967FB5C125E2D39400AFC761 /* AppCalculadora */,
				967FB5D725E2D39800AFC761 /* AppCalculadoraTests */,
				967FB5E225E2D39800AFC761 /* AppCalculadoraUITests */,
			);
		};
/* End PBXProject section */

/* Begin PBXResourcesBuildPhase section */
		967FB5C025E2D39400AFC761 /* Resources */ = {
			isa = PBXResourcesBuildPhase;
			buildActionMask = 2147483647;
			files = (
				967FB5D225E2D39800AFC761 /* LaunchScreen.storyboard in Resources */,
				967FB5CF25E2D39800AFC761 /* Assets.xcassets in Resources */,
				967FB5CD25E2D39400AFC761 /* Main.storyboard in Resources */,
			);
			runOnlyForDeploymentPostprocessing = 0;
		};
		967FB5D625E2D39800AFC761 /* Resources */ = {
			isa = PBXResourcesBuildPhase;
			buildActionMask = 2147483647;
			files = (
			);
			runOnlyForDeploymentPostprocessing = 0;
		};
		967FB5E125E2D39800AFC761 /* Resources */ = {
			isa = PBXResourcesBuildPhase;
			buildActionMask = 2147483647;
			files = (
			);
			runOnlyForDeploymentPostprocessing = 0;
		};
/* End PBXResourcesBuildPhase section */

/* Begin PBXSourcesBuildPhase section */
		967FB5BE25E2D39400AFC761 /* Sources */ = {
			isa = PBXSourcesBuildPhase;
			buildActionMask = 2147483647;
			files = (
				967FB5CA25E2D39400AFC761 /* ViewController.swift in Sources */,
				967FB5C625E2D39400AFC761 /* AppDelegate.swift in Sources */,
				967FB5C825E2D39400AFC761 /* SceneDelegate.swift in Sources */,
			);
			runOnlyForDeploymentPostprocessing = 0;
		};
		967FB5D425E2D39800AFC761 /* Sources */ = {
			isa = PBXSourcesBuildPhase;
			buildActionMask = 2147483647;
			files = (
				967FB5DD25E2D39800AFC761 /* AppCalculadoraTests.swift in Sources */,
			);
			runOnlyForDeploymentPostprocessing = 0;
		};
		967FB5DF25E2D39800AFC761 /* Sources */ = {
			isa = PBXSourcesBuildPhase;
			buildActionMask = 2147483647;
			files = (
				967FB5E825E2D39800AFC761 /* AppCalculadoraUITests.swift in Sources */,
			);
			runOnlyForDeploymentPostprocessing = 0;
		};
/* End PBXSourcesBuildPhase section */

/* Begin PBXTargetDependency section */
		967FB5DA25E2D39800AFC761 /* PBXTargetDependency */ = {
			isa = PBXTargetDependency;
			target = 967FB5C125E2D39400AFC761 /* AppCalculadora */;
			targetProxy = 967FB5D925E2D39800AFC761 /* PBXContainerItemProxy */;
		};
		967FB5E525E2D39800AFC761 /* PBXTargetDependency */ = {
			isa = PBXTargetDependency;
			target = 967FB5C125E2D39400AFC761 /* AppCalculadora */;
			targetProxy = 967FB5E425E2D39800AFC761 /* PBXContainerItemProxy */;
		};
/* End PBXTargetDependency section */

/* Begin PBXVariantGroup section */
		967FB5CB25E2D39400AFC761 /* Main.storyboard */ = {
			isa = PBXVariantGroup;
			children = (
				967FB5CC25E2D39400AFC761 /* Base */,
			);
			name = Main.storyboard;
			sourceTree = "<group>";
		};
		967FB5D025E2D39800AFC761 /* LaunchScreen.storyboard */ = {
			isa = PBXVariantGroup;
			children = (
				967FB5D125E2D39800AFC761 /* Base */,
			);
			name = LaunchScreen.storyboard;
			sourceTree = "<group>";
		};
/* End PBXVariantGroup section */

/* Begin XCBuildConfiguration section */
		967FB5EA25E2D39800AFC761 /* Debug */ = {
			isa = XCBuildConfiguration;
			buildSettings = {
				ALWAYS_SEARCH_USER_PATHS = NO;
				CLANG_ANALYZER_NONNULL = YES;
				CLANG_ANALYZER_NUMBER_OBJECT_CONVERSION = YES_AGGRESSIVE;
				CLANG_CXX_LANGUAGE_STANDARD = "gnu++14";
				CLANG_CXX_LIBRARY = "libc++";
				CLANG_ENABLE_MODULES = YES;
				CLANG_ENABLE_OBJC_ARC = YES;
				CLANG_ENABLE_OBJC_WEAK = YES;
				CLANG_WARN_BLOCK_CAPTURE_AUTORELEASING = YES;
				CLANG_WARN_BOOL_CONVERSION = YES;
				CLANG_WARN_COMMA = YES;
				CLANG_WARN_CONSTANT_CONVERSION = YES;
				CLANG_WARN_DEPRECATED_OBJC_IMPLEMENTATIONS = YES;
				CLANG_WARN_DIRECT_OBJC_ISA_USAGE = YES_ERROR;
				CLANG_WARN_DOCUMENTATION_COMMENTS = YES;
				CLANG_WARN_EMPTY_BODY = YES;
				CLANG_WARN_ENUM_CONVERSION = YES;
				CLANG_WARN_INFINITE_RECURSION = YES;
				CLANG_WARN_INT_CONVERSION = YES;
				CLANG_WARN_NON_LITERAL_NULL_CONVERSION = YES;
				CLANG_WARN_OBJC_IMPLICIT_RETAIN_SELF = YES;
				CLANG_WARN_OBJC_LITERAL_CONVERSION = YES;
				CLANG_WARN_OBJC_ROOT_CLASS = YES_ERROR;
				CLANG_WARN_QUOTED_INCLUDE_IN_FRAMEWORK_HEADER = YES;
				CLANG_WARN_RANGE_LOOP_ANALYSIS = YES;
				CLANG_WARN_STRICT_PROTOTYPES = YES;
				CLANG_WARN_SUSPICIOUS_MOVE = YES;
				CLANG_WARN_UNGUARDED_AVAILABILITY = YES_AGGRESSIVE;
				CLANG_WARN_UNREACHABLE_CODE = YES;
				CLANG_WARN__DUPLICATE_METHOD_MATCH = YES;
				COPY_PHASE_STRIP = NO;
				DEBUG_INFORMATION_FORMAT = dwarf;
				ENABLE_STRICT_OBJC_MSGSEND = YES;
				ENABLE_TESTABILITY = YES;
				GCC_C_LANGUAGE_STANDARD = gnu11;
				GCC_DYNAMIC_NO_PIC = NO;
				GCC_NO_COMMON_BLOCKS = YES;
				GCC_OPTIMIZATION_LEVEL = 0;
				GCC_PREPROCESSOR_DEFINITIONS = (
					"DEBUG=1",
					"$(inherited)",
				);
				GCC_WARN_64_TO_32_BIT_CONVERSION = YES;
				GCC_WARN_ABOUT_RETURN_TYPE = YES_ERROR;
				GCC_WARN_UNDECLARED_SELECTOR = YES;
				GCC_WARN_UNINITIALIZED_AUTOS = YES_AGGRESSIVE;
				GCC_WARN_UNUSED_FUNCTION = YES;
				GCC_WARN_UNUSED_VARIABLE = YES;
				IPHONEOS_DEPLOYMENT_TARGET = 14.0;
				MTL_ENABLE_DEBUG_INFO = INCLUDE_SOURCE;
				MTL_FAST_MATH = YES;
				ONLY_ACTIVE_ARCH = YES;
				SDKROOT = iphoneos;
				SWIFT_ACTIVE_COMPILATION_CONDITIONS = DEBUG;
				SWIFT_OPTIMIZATION_LEVEL = "-Onone";
			};
			name = Debug;
		};
		967FB5EB25E2D39800AFC761 /* Release */ = {
			isa = XCBuildConfiguration;
			buildSettings = {
				ALWAYS_SEARCH_USER_PATHS = NO;
				CLANG_ANALYZER_NONNULL = YES;
				CLANG_ANALYZER_NUMBER_OBJECT_CONVERSION = YES_AGGRESSIVE;
				CLANG_CXX_LANGUAGE_STANDARD = "gnu++14";
				CLANG_CXX_LIBRARY = "libc++";
				CLANG_ENABLE_MODULES = YES;
				CLANG_ENABLE_OBJC_ARC = YES;
				CLANG_ENABLE_OBJC_WEAK = YES;
				CLANG_WARN_BLOCK_CAPTURE_AUTORELEASING = YES;
				CLANG_WARN_BOOL_CONVERSION = YES;
				CLANG_WARN_COMMA = YES;
				CLANG_WARN_CONSTANT_CONVERSION = YES;
				CLANG_WARN_DEPRECATED_OBJC_IMPLEMENTATIONS = YES;
				CLANG_WARN_DIRECT_OBJC_ISA_USAGE = YES_ERROR;
				CLANG_WARN_DOCUMENTATION_COMMENTS = YES;
				CLANG_WARN_EMPTY_BODY = YES;
				CLANG_WARN_ENUM_CONVERSION = YES;
				CLANG_WARN_INFINITE_RECURSION = YES;
				CLANG_WARN_INT_CONVERSION = YES;
				CLANG_WARN_NON_LITERAL_NULL_CONVERSION = YES;
				CLANG_WARN_OBJC_IMPLICIT_RETAIN_SELF = YES;
				CLANG_WARN_OBJC_LITERAL_CONVERSION = YES;
				CLANG_WARN_OBJC_ROOT_CLASS = YES_ERROR;
				CLANG_WARN_QUOTED_INCLUDE_IN_FRAMEWORK_HEADER = YES;
				CLANG_WARN_RANGE_LOOP_ANALYSIS = YES;
				CLANG_WARN_STRICT_PROTOTYPES = YES;
				CLANG_WARN_SUSPICIOUS_MOVE = YES;
				CLANG_WARN_UNGUARDED_AVAILABILITY = YES_AGGRESSIVE;
				CLANG_WARN_UNREACHABLE_CODE = YES;
				CLANG_WARN__DUPLICATE_METHOD_MATCH = YES;
				COPY_PHASE_STRIP = NO;
				DEBUG_INFORMATION_FORMAT = "dwarf-with-dsym";
				ENABLE_NS_ASSERTIONS = NO;
				ENABLE_STRICT_OBJC_MSGSEND = YES;
				GCC_C_LANGUAGE_STANDARD = gnu11;
				GCC_NO_COMMON_BLOCKS = YES;
				GCC_WARN_64_TO_32_BIT_CONVERSION = YES;
				GCC_WARN_ABOUT_RETURN_TYPE = YES_ERROR;
				GCC_WARN_UNDECLARED_SELECTOR = YES;
				GCC_WARN_UNINITIALIZED_AUTOS = YES_AGGRESSIVE;
				GCC_WARN_UNUSED_FUNCTION = YES;
				GCC_WARN_UNUSED_VARIABLE = YES;
				IPHONEOS_DEPLOYMENT_TARGET = 14.0;
				MTL_ENABLE_DEBUG_INFO = NO;
				MTL_FAST_MATH = YES;
				SDKROOT = iphoneos;
				SWIFT_COMPILATION_MODE = wholemodule;
				SWIFT_OPTIMIZATION_LEVEL = "-O";
				VALIDATE_PRODUCT = YES;
			};
			name = Release;
		};
		967FB5ED25E2D39800AFC761 /* Debug */ = {
			isa = XCBuildConfiguration;
			buildSettings = {
				ASSETCATALOG_COMPILER_APPICON_NAME = AppIcon;
				ASSETCATALOG_COMPILER_GLOBAL_ACCENT_COLOR_NAME = AccentColor;
				CODE_SIGN_STYLE = Automatic;
				INFOPLIST_FILE = AppCalculadora/Info.plist;
				LD_RUNPATH_SEARCH_PATHS = (
					"$(inherited)",
					"@executable_path/Frameworks",
				);
				PRODUCT_BUNDLE_IDENTIFIER = ios.AppCalculadora;
				PRODUCT_NAME = "$(TARGET_NAME)";
				SWIFT_VERSION = 5.0;
				TARGETED_DEVICE_FAMILY = "1,2";
			};
			name = Debug;
		};
		967FB5EE25E2D39800AFC761 /* Release */ = {
			isa = XCBuildConfiguration;
			buildSettings = {
				ASSETCATALOG_COMPILER_APPICON_NAME = AppIcon;
				ASSETCATALOG_COMPILER_GLOBAL_ACCENT_COLOR_NAME = AccentColor;
				CODE_SIGN_STYLE = Automatic;
				INFOPLIST_FILE = AppCalculadora/Info.plist;
				LD_RUNPATH_SEARCH_PATHS = (
					"$(inherited)",
					"@executable_path/Frameworks",
				);
				PRODUCT_BUNDLE_IDENTIFIER = ios.AppCalculadora;
				PRODUCT_NAME = "$(TARGET_NAME)";
				SWIFT_VERSION = 5.0;
				TARGETED_DEVICE_FAMILY = "1,2";
			};
			name = Release;
		};
		967FB5F025E2D39800AFC761 /* Debug */ = {
			isa = XCBuildConfiguration;
			buildSettings = {
				ALWAYS_EMBED_SWIFT_STANDARD_LIBRARIES = YES;
				BUNDLE_LOADER = "$(TEST_HOST)";
				CODE_SIGN_STYLE = Automatic;
				INFOPLIST_FILE = AppCalculadoraTests/Info.plist;
				IPHONEOS_DEPLOYMENT_TARGET = 14.0;
				LD_RUNPATH_SEARCH_PATHS = (
					"$(inherited)",
					"@executable_path/Frameworks",
					"@loader_path/Frameworks",
				);
				PRODUCT_BUNDLE_IDENTIFIER = ios.AppCalculadoraTests;
				PRODUCT_NAME = "$(TARGET_NAME)";
				SWIFT_VERSION = 5.0;
				TARGETED_DEVICE_FAMILY = "1,2";
				TEST_HOST = "$(BUILT_PRODUCTS_DIR)/AppCalculadora.app/AppCalculadora";
			};
			name = Debug;
		};
		967FB5F125E2D39800AFC761 /* Release */ = {
			isa = XCBuildConfiguration;
			buildSettings = {
				ALWAYS_EMBED_SWIFT_STANDARD_LIBRARIES = YES;
				BUNDLE_LOADER = "$(TEST_HOST)";
				CODE_SIGN_STYLE = Automatic;
				INFOPLIST_FILE = AppCalculadoraTests/Info.plist;
				IPHONEOS_DEPLOYMENT_TARGET = 14.0;
				LD_RUNPATH_SEARCH_PATHS = (
					"$(inherited)",
					"@executable_path/Frameworks",
					"@loader_path/Frameworks",
				);
				PRODUCT_BUNDLE_IDENTIFIER = ios.AppCalculadoraTests;
				PRODUCT_NAME = "$(TARGET_NAME)";
				SWIFT_VERSION = 5.0;
				TARGETED_DEVICE_FAMILY = "1,2";
				TEST_HOST = "$(BUILT_PRODUCTS_DIR)/AppCalculadora.app/AppCalculadora";
			};
			name = Release;
		};
		967FB5F325E2D39800AFC761 /* Debug */ = {
			isa = XCBuildConfiguration;
			buildSettings = {
				ALWAYS_EMBED_SWIFT_STANDARD_LIBRARIES = YES;
				CODE_SIGN_STYLE = Automatic;
				INFOPLIST_FILE = AppCalculadoraUITests/Info.plist;
				LD_RUNPATH_SEARCH_PATHS = (
					"$(inherited)",
					"@executable_path/Frameworks",
					"@loader_path/Frameworks",
				);
				PRODUCT_BUNDLE_IDENTIFIER = ios.AppCalculadoraUITests;
				PRODUCT_NAME = "$(TARGET_NAME)";
				SWIFT_VERSION = 5.0;
				TARGETED_DEVICE_FAMILY = "1,2";
				TEST_TARGET_NAME = AppCalculadora;
			};
			name = Debug;
		};
		967FB5F425E2D39800AFC761 /* Release */ = {
			isa = XCBuildConfiguration;
			buildSettings = {
				ALWAYS_EMBED_SWIFT_STANDARD_LIBRARIES = YES;
				CODE_SIGN_STYLE = Automatic;
				INFOPLIST_FILE = AppCalculadoraUITests/Info.plist;
				LD_RUNPATH_SEARCH_PATHS = (
					"$(inherited)",
					"@executable_path/Frameworks",
					"@loader_path/Frameworks",
				);
				PRODUCT_BUNDLE_IDENTIFIER = ios.AppCalculadoraUITests;
				PRODUCT_NAME = "$(TARGET_NAME)";
				SWIFT_VERSION = 5.0;
				TARGETED_DEVICE_FAMILY = "1,2";
				TEST_TARGET_NAME = AppCalculadora;
			};
			name = Release;
		};
/* End XCBuildConfiguration section */

/* Begin XCConfigurationList section */
		967FB5BD25E2D39400AFC761 /* Build configuration list for PBXProject "AppCalculadora" */ = {
			isa = XCConfigurationList;
			buildConfigurations = (
				967FB5EA25E2D39800AFC761 /* Debug */,
				967FB5EB25E2D39800AFC761 /* Release */,
			);
			defaultConfigurationIsVisible = 0;
			defaultConfigurationName = Release;
		};
		967FB5EC25E2D39800AFC761 /* Build configuration list for PBXNativeTarget "AppCalculadora" */ = {
			isa = XCConfigurationList;
			buildConfigurations = (
				967FB5ED25E2D39800AFC761 /* Debug */,
				967FB5EE25E2D39800AFC761 /* Release */,
			);
			defaultConfigurationIsVisible = 0;
			defaultConfigurationName = Release;
		};
		967FB5EF25E2D39800AFC761 /* Build configuration list for PBXNativeTarget "AppCalculadoraTests" */ = {
			isa = XCConfigurationList;
			buildConfigurations = (
				967FB5F025E2D39800AFC761 /* Debug */,
				967FB5F125E2D39800AFC761 /* Release */,
			);
			defaultConfigurationIsVisible = 0;
			defaultConfigurationName = Release;
		};
		967FB5F225E2D39800AFC761 /* Build configuration list for PBXNativeTarget "AppCalculadoraUITests" */ = {
			isa = XCConfigurationList;
			buildConfigurations = (
				967FB5F325E2D39800AFC761 /* Debug */,
				967FB5F425E2D39800AFC761 /* Release */,
			);
			defaultConfigurationIsVisible = 0;
			defaultConfigurationName = Release;
		};
/* End XCConfigurationList section */
	};
	rootObject = 967FB5BA25E2D39400AFC761 /* Project object */;
}
